
Microsoft Visual Studio Solution File, Format Version 12.00
# Visual Studio Version 17
VisualStudioVersion = 17.9.34701.34
MinimumVisualStudioVersion = 10.0.40219.1
Project("{8BC9CEB8-8B4A-11D0-8D11-00A0C91BC942}") = "Arrays_2", "Arrays_2\Arrays_2.vcxproj", "{0CF47D42-FCEC-4464-997E-1CC80D026F2E}"
EndProject
Project("{8BC9CEB8-8B4A-11D0-8D11-00A0C91BC942}") = "Functions", "Functions\Functions.vcxproj", "{72EF04AF-E3B3-4467-AAF8-E7B37CAD6F34}"
EndProject
Global
	GlobalSection(SolutionConfigurationPlatforms) = preSolution
		Debug|x64 = Debug|x64
		Debug|x86 = Debug|x86
		Release|x64 = Release|x64
		Release|x86 = Release|x86
	EndGlobalSection
	GlobalSection(ProjectConfigurationPlatforms) = postSolution
		{0CF47D42-FCEC-4464-997E-1CC80D026F2E}.Debug|x64.ActiveCfg = Debug|x64
		{0CF47D42-FCEC-4464-997E-1CC80D026F2E}.Debug|x64.Build.0 = Debug|x64
		{0CF47D42-FCEC-4464-997E-1CC80D026F2E}.Debug|x86.ActiveCfg = Debug|Win32
		{0CF47D42-FCEC-4464-997E-1CC80D026F2E}.Debug|x86.Build.0 = Debug|Win32
		{0CF47D42-FCEC-4464-997E-1CC80D026F2E}.Release|x64.ActiveCfg = Release|x64
		{0CF47D42-FCEC-4464-997E-1CC80D026F2E}.Release|x64.Build.0 = Release|x64
		{0CF47D42-FCEC-4464-997E-1CC80D026F2E}.Release|x86.ActiveCfg = Release|Win32
		{0CF47D42-FCEC-4464-997E-1CC80D026F2E}.Release|x86.Build.0 = Release|Win32
		{72EF04AF-E3B3-4467-AAF8-E7B37CAD6F34}.Debug|x64.ActiveCfg = Debug|x64
		{72EF04AF-E3B3-4467-AAF8-E7B37CAD6F34}.Debug|x64.Build.0 = Debug|x64
		{72EF04AF-E3B3-4467-AAF8-E7B37CAD6F34}.Debug|x86.ActiveCfg = Debug|Win32
		{72EF04AF-E3B3-4467-AAF8-E7B37CAD6F34}.Debug|x86.Build.0 = Debug|Win32
		{72EF04AF-E3B3-4467-AAF8-E7B37CAD6F34}.Release|x64.ActiveCfg = Release|x64
		{72EF04AF-E3B3-4467-AAF8-E7B37CAD6F34}.Release|x64.Build.0 = Release|x64
		{72EF04AF-E3B3-4467-AAF8-E7B37CAD6F34}.Release|x86.ActiveCfg = Release|Win32
		{72EF04AF-E3B3-4467-AAF8-E7B37CAD6F34}.Release|x86.Build.0 = Release|Win32
	EndGlobalSection
	GlobalSection(SolutionProperties) = preSolution
		HideSolutionNode = FALSE
	EndGlobalSection
	GlobalSection(ExtensibilityGlobals) = postSolution
		SolutionGuid = {A600F798-8118-4835-9F66-13F7457055B6}
	EndGlobalSection
EndGlobal
